
Microsoft Visual Studio Solution File, Format Version 12.00
# Visual Studio Version 16
VisualStudioVersion = 16.0.33801.447
MinimumVisualStudioVersion = 10.0.40219.1
Project("{9A19103F-16F7-4668-BE54-9A1E7A4F7556}") = "Song Project 1", "Song Project 1\Song Project 1.csproj", "{ADED1AB1-611E-4E3F-B472-3DD37B31E9F6}"
EndProject
Project("{2150E333-8FDC-42A3-9474-1A3956D46DE8}") = "Solution Items", "Solution Items", "{ADFC3527-E39C-4F60-AA0E-06EBA72A51B2}"
	ProjectSection(SolutionItems) = preProject
		.filenesting.json = .filenesting.json
	EndProjectSection
EndProject
Global
	GlobalSection(SolutionConfigurationPlatforms) = preSolution
		Debug|Any CPU = Debug|Any CPU
		Release|Any CPU = Release|Any CPU
	EndGlobalSection
	GlobalSection(ProjectConfigurationPlatforms) = postSolution
		{ADED1AB1-611E-4E3F-B472-3DD37B31E9F6}.Debug|Any CPU.ActiveCfg = Debug|Any CPU
		{ADED1AB1-611E-4E3F-B472-3DD37B31E9F6}.Debug|Any CPU.Build.0 = Debug|Any CPU
		{ADED1AB1-611E-4E3F-B472-3DD37B31E9F6}.Release|Any CPU.ActiveCfg = Release|Any CPU
		{ADED1AB1-611E-4E3F-B472-3DD37B31E9F6}.Release|Any CPU.Build.0 = Release|Any CPU
	EndGlobalSection
	GlobalSection(SolutionProperties) = preSolution
		HideSolutionNode = FALSE
	EndGlobalSection
	GlobalSection(ExtensibilityGlobals) = postSolution
		SolutionGuid = {27D7596D-B5F8-4F8B-816B-A84A54920EAC}
	EndGlobalSection
EndGlobal
